
Microsoft Visual Studio Solution File, Format Version 12.00
# Visual Studio Version 16
VisualStudioVersion = 16.0.30804.86
MinimumVisualStudioVersion = 10.0.40219.1
Project("{9A19103F-16F7-4668-BE54-9A1E7A4F7556}") = "Admin.API", "Admin.API\Admin.API.csproj", "{55D23E0A-02F1-4C57-8CBA-BA57903DCDE7}"
EndProject
Project("{FAE04EC0-301F-11D3-BF4B-00C04F79EFBC}") = "Admin.Service", "Admin.Service\Admin.Service.csproj", "{1A210397-1819-40BF-AD16-75D05348ECA0}"
EndProject
Project("{FAE04EC0-301F-11D3-BF4B-00C04F79EFBC}") = "Admin.Common", "Admin.Common\Admin.Common.csproj", "{5201DCB9-2112-4531-80B5-561BB339F9B2}"
EndProject
Project("{FAE04EC0-301F-11D3-BF4B-00C04F79EFBC}") = "Admin.Repository", "Admin.Repository\Admin.Repository.csproj", "{7135975C-FBC3-44CE-8B25-661C7C318C1E}"
EndProject
Project("{FAE04EC0-301F-11D3-BF4B-00C04F79EFBC}") = "Admin.Model", "Admin.Model\Admin.Model.csproj", "{B04E23C3-92B4-4330-8D4F-D00B9DED1155}"
EndProject
Global
	GlobalSection(SolutionConfigurationPlatforms) = preSolution
		Debug|Any CPU = Debug|Any CPU
		Release|Any CPU = Release|Any CPU
	EndGlobalSection
	GlobalSection(ProjectConfigurationPlatforms) = postSolution
		{55D23E0A-02F1-4C57-8CBA-BA57903DCDE7}.Debug|Any CPU.ActiveCfg = Debug|Any CPU
		{55D23E0A-02F1-4C57-8CBA-BA57903DCDE7}.Debug|Any CPU.Build.0 = Debug|Any CPU
		{55D23E0A-02F1-4C57-8CBA-BA57903DCDE7}.Release|Any CPU.ActiveCfg = Release|Any CPU
		{55D23E0A-02F1-4C57-8CBA-BA57903DCDE7}.Release|Any CPU.Build.0 = Release|Any CPU
		{1A210397-1819-40BF-AD16-75D05348ECA0}.Debug|Any CPU.ActiveCfg = Debug|Any CPU
		{1A210397-1819-40BF-AD16-75D05348ECA0}.Debug|Any CPU.Build.0 = Debug|Any CPU
		{1A210397-1819-40BF-AD16-75D05348ECA0}.Release|Any CPU.ActiveCfg = Release|Any CPU
		{1A210397-1819-40BF-AD16-75D05348ECA0}.Release|Any CPU.Build.0 = Release|Any CPU
		{5201DCB9-2112-4531-80B5-561BB339F9B2}.Debug|Any CPU.ActiveCfg = Debug|Any CPU
		{5201DCB9-2112-4531-80B5-561BB339F9B2}.Debug|Any CPU.Build.0 = Debug|Any CPU
		{5201DCB9-2112-4531-80B5-561BB339F9B2}.Release|Any CPU.ActiveCfg = Release|Any CPU
		{5201DCB9-2112-4531-80B5-561BB339F9B2}.Release|Any CPU.Build.0 = Release|Any CPU
		{7135975C-FBC3-44CE-8B25-661C7C318C1E}.Debug|Any CPU.ActiveCfg = Debug|Any CPU
		{7135975C-FBC3-44CE-8B25-661C7C318C1E}.Debug|Any CPU.Build.0 = Debug|Any CPU
		{7135975C-FBC3-44CE-8B25-661C7C318C1E}.Release|Any CPU.ActiveCfg = Release|Any CPU
		{7135975C-FBC3-44CE-8B25-661C7C318C1E}.Release|Any CPU.Build.0 = Release|Any CPU
		{B04E23C3-92B4-4330-8D4F-D00B9DED1155}.Debug|Any CPU.ActiveCfg = Debug|Any CPU
		{B04E23C3-92B4-4330-8D4F-D00B9DED1155}.Debug|Any CPU.Build.0 = Debug|Any CPU
		{B04E23C3-92B4-4330-8D4F-D00B9DED1155}.Release|Any CPU.ActiveCfg = Release|Any CPU
		{B04E23C3-92B4-4330-8D4F-D00B9DED1155}.Release|Any CPU.Build.0 = Release|Any CPU
	EndGlobalSection
	GlobalSection(SolutionProperties) = preSolution
		HideSolutionNode = FALSE
	EndGlobalSection
	GlobalSection(ExtensibilityGlobals) = postSolution
		SolutionGuid = {2FA44A95-6DB3-4724-8FEC-5A398174ADC0}
	EndGlobalSection
EndGlobal
